// !$*UTF8*$!
{
	archiveVersion = 1;
	classes = {
	};
	objectVersion = 55;
	objects = {

/* Begin PBXBuildFile section */
		32792C3D2755850900F3B364 /* AppDelegate.swift in Sources */ = {isa = PBXBuildFile; fileRef = 32792C3C2755850900F3B364 /* AppDelegate.swift */; };
		32792C3F2755850900F3B364 /* GameScene.sks in Resources */ = {isa = PBXBuildFile; fileRef = 32792C3E2755850900F3B364 /* GameScene.sks */; };
		32792C412755850900F3B364 /* Actions.sks in Resources */ = {isa = PBXBuildFile; fileRef = 32792C402755850900F3B364 /* Actions.sks */; };
		32792C432755850900F3B364 /* GameScene.swift in Sources */ = {isa = PBXBuildFile; fileRef = 32792C422755850900F3B364 /* GameScene.swift */; };
		32792C452755850900F3B364 /* GameViewController.swift in Sources */ = {isa = PBXBuildFile; fileRef = 32792C442755850900F3B364 /* GameViewController.swift */; };
		32792C482755850900F3B364 /* Main.storyboard in Resources */ = {isa = PBXBuildFile; fileRef = 32792C462755850900F3B364 /* Main.storyboard */; };
		32792C4A2755850F00F3B364 /* Assets.xcassets in Resources */ = {isa = PBXBuildFile; fileRef = 32792C492755850F00F3B364 /* Assets.xcassets */; };
		32792C4D2755850F00F3B364 /* LaunchScreen.storyboard in Resources */ = {isa = PBXBuildFile; fileRef = 32792C4B2755850F00F3B364 /* LaunchScreen.storyboard */; };
		32792C572755851000F3B364 /* destroyAndMoveTests.swift in Sources */ = {isa = PBXBuildFile; fileRef = 32792C562755851000F3B364 /* destroyAndMoveTests.swift */; };
		32792C612755851000F3B364 /* destroyAndMoveUITests.swift in Sources */ = {isa = PBXBuildFile; fileRef = 32792C602755851000F3B364 /* destroyAndMoveUITests.swift */; };
		32792C632755851000F3B364 /* destroyAndMoveUITestsLaunchTests.swift in Sources */ = {isa = PBXBuildFile; fileRef = 32792C622755851000F3B364 /* destroyAndMoveUITestsLaunchTests.swift */; };
/* End PBXBuildFile section */

/* Begin PBXContainerItemProxy section */
		32792C532755851000F3B364 /* PBXContainerItemProxy */ = {
			isa = PBXContainerItemProxy;
			containerPortal = 32792C312755850900F3B364 /* Project object */;
			proxyType = 1;
			remoteGlobalIDString = 32792C382755850900F3B364;
			remoteInfo = destroyAndMove;
		};
		32792C5D2755851000F3B364 /* PBXContainerItemProxy */ = {
			isa = PBXContainerItemProxy;
			containerPortal = 32792C312755850900F3B364 /* Project object */;
			proxyType = 1;
			remoteGlobalIDString = 32792C382755850900F3B364;
			remoteInfo = destroyAndMove;
		};
/* End PBXContainerItemProxy section */

/* Begin PBXFileReference section */
		32792C392755850900F3B364 /* destroyAndMove.app */ = {isa = PBXFileReference; explicitFileType = wrapper.application; includeInIndex = 0; path = destroyAndMove.app; sourceTree = BUILT_PRODUCTS_DIR; };
		32792C3C2755850900F3B364 /* AppDelegate.swift */ = {isa = PBXFileReference; lastKnownFileType = sourcecode.swift; path = AppDelegate.swift; sourceTree = "<group>"; };
		32792C3E2755850900F3B364 /* GameScene.sks */ = {isa = PBXFileReference; lastKnownFileType = file.sks; path = GameScene.sks; sourceTree = "<group>"; };
		32792C402755850900F3B364 /* Actions.sks */ = {isa = PBXFileReference; lastKnownFileType = file.sks; path = Actions.sks; sourceTree = "<group>"; };
		32792C422755850900F3B364 /* GameScene.swift */ = {isa = PBXFileReference; lastKnownFileType = sourcecode.swift; path = GameScene.swift; sourceTree = "<group>"; };
		32792C442755850900F3B364 /* GameViewController.swift */ = {isa = PBXFileReference; lastKnownFileType = sourcecode.swift; path = GameViewController.swift; sourceTree = "<group>"; };
		32792C472755850900F3B364 /* Base */ = {isa = PBXFileReference; lastKnownFileType = file.storyboard; name = Base; path = Base.lproj/Main.storyboard; sourceTree = "<group>"; };
		32792C492755850F00F3B364 /* Assets.xcassets */ = {isa = PBXFileReference; lastKnownFileType = folder.assetcatalog; path = Assets.xcassets; sourceTree = "<group>"; };
		32792C4C2755850F00F3B364 /* Base */ = {isa = PBXFileReference; lastKnownFileType = file.storyboard; name = Base; path = Base.lproj/LaunchScreen.storyboard; sourceTree = "<group>"; };
		32792C522755851000F3B364 /* destroyAndMoveTests.xctest */ = {isa = PBXFileReference; explicitFileType = wrapper.cfbundle; includeInIndex = 0; path = destroyAndMoveTests.xctest; sourceTree = BUILT_PRODUCTS_DIR; };
		32792C562755851000F3B364 /* destroyAndMoveTests.swift */ = {isa = PBXFileReference; lastKnownFileType = sourcecode.swift; path = destroyAndMoveTests.swift; sourceTree = "<group>"; };
		32792C5C2755851000F3B364 /* destroyAndMoveUITests.xctest */ = {isa = PBXFileReference; explicitFileType = wrapper.cfbundle; includeInIndex = 0; path = destroyAndMoveUITests.xctest; sourceTree = BUILT_PRODUCTS_DIR; };
		32792C602755851000F3B364 /* destroyAndMoveUITests.swift */ = {isa = PBXFileReference; lastKnownFileType = sourcecode.swift; path = destroyAndMoveUITests.swift; sourceTree = "<group>"; };
		32792C622755851000F3B364 /* destroyAndMoveUITestsLaunchTests.swift */ = {isa = PBXFileReference; lastKnownFileType = sourcecode.swift; path = destroyAndMoveUITestsLaunchTests.swift; sourceTree = "<group>"; };
/* End PBXFileReference section */

/* Begin PBXFrameworksBuildPhase section */
		32792C362755850900F3B364 /* Frameworks */ = {
			isa = PBXFrameworksBuildPhase;
			buildActionMask = 2147483647;
			files = (
			);
			runOnlyForDeploymentPostprocessing = 0;
		};
		32792C4F2755851000F3B364 /* Frameworks */ = {
			isa = PBXFrameworksBuildPhase;
			buildActionMask = 2147483647;
			files = (
			);
			runOnlyForDeploymentPostprocessing = 0;
		};
		32792C592755851000F3B364 /* Frameworks */ = {
			isa = PBXFrameworksBuildPhase;
			buildActionMask = 2147483647;
			files = (
			);
			runOnlyForDeploymentPostprocessing = 0;
		};
/* End PBXFrameworksBuildPhase section */

/* Begin PBXGroup section */
		32792C302755850900F3B364 = {
			isa = PBXGroup;
			children = (
				32792C3B2755850900F3B364 /* destroyAndMove */,
				32792C552755851000F3B364 /* destroyAndMoveTests */,
				32792C5F2755851000F3B364 /* destroyAndMoveUITests */,
				32792C3A2755850900F3B364 /* Products */,
			);
			sourceTree = "<group>";
		};
		32792C3A2755850900F3B364 /* Products */ = {
			isa = PBXGroup;
			children = (
				32792C392755850900F3B364 /* destroyAndMove.app */,
				32792C522755851000F3B364 /* destroyAndMoveTests.xctest */,
				32792C5C2755851000F3B364 /* destroyAndMoveUITests.xctest */,
			);
			name = Products;
			sourceTree = "<group>";
		};
		32792C3B2755850900F3B364 /* destroyAndMove */ = {
			isa = PBXGroup;
			children = (
				32792C3C2755850900F3B364 /* AppDelegate.swift */,
				32792C3E2755850900F3B364 /* GameScene.sks */,
				32792C402755850900F3B364 /* Actions.sks */,
				32792C422755850900F3B364 /* GameScene.swift */,
				32792C442755850900F3B364 /* GameViewController.swift */,
				32792C462755850900F3B364 /* Main.storyboard */,
				32792C492755850F00F3B364 /* Assets.xcassets */,
				32792C4B2755850F00F3B364 /* LaunchScreen.storyboard */,
			);
			path = destroyAndMove;
			sourceTree = "<group>";
		};
		32792C552755851000F3B364 /* destroyAndMoveTests */ = {
			isa = PBXGroup;
			children = (
				32792C562755851000F3B364 /* destroyAndMoveTests.swift */,
			);
			path = destroyAndMoveTests;
			sourceTree = "<group>";
		};
		32792C5F2755851000F3B364 /* destroyAndMoveUITests */ = {
			isa = PBXGroup;
			children = (
				32792C602755851000F3B364 /* destroyAndMoveUITests.swift */,
				32792C622755851000F3B364 /* destroyAndMoveUITestsLaunchTests.swift */,
			);
			path = destroyAndMoveUITests;
			sourceTree = "<group>";
		};
/* End PBXGroup section */

/* Begin PBXNativeTarget section */
		32792C382755850900F3B364 /* destroyAndMove */ = {
			isa = PBXNativeTarget;
			buildConfigurationList = 32792C662755851000F3B364 /* Build configuration list for PBXNativeTarget "destroyAndMove" */;
			buildPhases = (
				32792C352755850900F3B364 /* Sources */,
				32792C362755850900F3B364 /* Frameworks */,
				32792C372755850900F3B364 /* Resources */,
			);
			buildRules = (
			);
			dependencies = (
			);
			name = destroyAndMove;
			productName = destroyAndMove;
			productReference = 32792C392755850900F3B364 /* destroyAndMove.app */;
			productType = "com.apple.product-type.application";
		};
		32792C512755851000F3B364 /* destroyAndMoveTests */ = {
			isa = PBXNativeTarget;
			buildConfigurationList = 32792C692755851000F3B364 /* Build configuration list for PBXNativeTarget "destroyAndMoveTests" */;
			buildPhases = (
				32792C4E2755851000F3B364 /* Sources */,
				32792C4F2755851000F3B364 /* Frameworks */,
				32792C502755851000F3B364 /* Resources */,
			);
			buildRules = (
			);
			dependencies = (
				32792C542755851000F3B364 /* PBXTargetDependency */,
			);
			name = destroyAndMoveTests;
			productName = destroyAndMoveTests;
			productReference = 32792C522755851000F3B364 /* destroyAndMoveTests.xctest */;
			productType = "com.apple.product-type.bundle.unit-test";
		};
		32792C5B2755851000F3B364 /* destroyAndMoveUITests */ = {
			isa = PBXNativeTarget;
			buildConfigurationList = 32792C6C2755851000F3B364 /* Build configuration list for PBXNativeTarget "destroyAndMoveUITests" */;
			buildPhases = (
				32792C582755851000F3B364 /* Sources */,
				32792C592755851000F3B364 /* Frameworks */,
				32792C5A2755851000F3B364 /* Resources */,
			);
			buildRules = (
			);
			dependencies = (
				32792C5E2755851000F3B364 /* PBXTargetDependency */,
			);
			name = destroyAndMoveUITests;
			productName = destroyAndMoveUITests;
			productReference = 32792C5C2755851000F3B364 /* destroyAndMoveUITests.xctest */;
			productType = "com.apple.product-type.bundle.ui-testing";
		};
/* End PBXNativeTarget section */

/* Begin PBXProject section */
		32792C312755850900F3B364 /* Project object */ = {
			isa = PBXProject;
			attributes = {
				BuildIndependentTargetsInParallel = 1;
				LastSwiftUpdateCheck = 1310;
				LastUpgradeCheck = 1310;
				TargetAttributes = {
					32792C382755850900F3B364 = {
						CreatedOnToolsVersion = 13.1;
					};
					32792C512755851000F3B364 = {
						CreatedOnToolsVersion = 13.1;
						TestTargetID = 32792C382755850900F3B364;
					};
					32792C5B2755851000F3B364 = {
						CreatedOnToolsVersion = 13.1;
						TestTargetID = 32792C382755850900F3B364;
					};
				};
			};
			buildConfigurationList = 32792C342755850900F3B364 /* Build configuration list for PBXProject "destroyAndMove" */;
			compatibilityVersion = "Xcode 13.0";
			developmentRegion = en;
			hasScannedForEncodings = 0;
			knownRegions = (
				en,
				Base,
			);
			mainGroup = 32792C302755850900F3B364;
			productRefGroup = 32792C3A2755850900F3B364 /* Products */;
			projectDirPath = "";
			projectRoot = "";
			targets = (
				32792C382755850900F3B364 /* destroyAndMove */,
				32792C512755851000F3B364 /* destroyAndMoveTests */,
				32792C5B2755851000F3B364 /* destroyAndMoveUITests */,
			);
		};
/* End PBXProject section */

/* Begin PBXResourcesBuildPhase section */
		32792C372755850900F3B364 /* Resources */ = {
			isa = PBXResourcesBuildPhase;
			buildActionMask = 2147483647;
			files = (
				32792C482755850900F3B364 /* Main.storyboard in Resources */,
				32792C3F2755850900F3B364 /* GameScene.sks in Resources */,
				32792C4A2755850F00F3B364 /* Assets.xcassets in Resources */,
				32792C4D2755850F00F3B364 /* LaunchScreen.storyboard in Resources */,
				32792C412755850900F3B364 /* Actions.sks in Resources */,
			);
			runOnlyForDeploymentPostprocessing = 0;
		};
		32792C502755851000F3B364 /* Resources */ = {
			isa = PBXResourcesBuildPhase;
			buildActionMask = 2147483647;
			files = (
			);
			runOnlyForDeploymentPostprocessing = 0;
		};
		32792C5A2755851000F3B364 /* Resources */ = {
			isa = PBXResourcesBuildPhase;
			buildActionMask = 2147483647;
			files = (
			);
			runOnlyForDeploymentPostprocessing = 0;
		};
/* End PBXResourcesBuildPhase section */

/* Begin PBXSourcesBuildPhase section */
		32792C352755850900F3B364 /* Sources */ = {
			isa = PBXSourcesBuildPhase;
			buildActionMask = 2147483647;
			files = (
				32792C432755850900F3B364 /* GameScene.swift in Sources */,
				32792C452755850900F3B364 /* GameViewController.swift in Sources */,
				32792C3D2755850900F3B364 /* AppDelegate.swift in Sources */,
			);
			runOnlyForDeploymentPostprocessing = 0;
		};
		32792C4E2755851000F3B364 /* Sources */ = {
			isa = PBXSourcesBuildPhase;
			buildActionMask = 2147483647;
			files = (
				32792C572755851000F3B364 /* destroyAndMoveTests.swift in Sources */,
			);
			runOnlyForDeploymentPostprocessing = 0;
		};
		32792C582755851000F3B364 /* Sources */ = {
			isa = PBXSourcesBuildPhase;
			buildActionMask = 2147483647;
			files = (
				32792C632755851000F3B364 /* destroyAndMoveUITestsLaunchTests.swift in Sources */,
				32792C612755851000F3B364 /* destroyAndMoveUITests.swift in Sources */,
			);
			runOnlyForDeploymentPostprocessing = 0;
		};
/* End PBXSourcesBuildPhase section */

/* Begin PBXTargetDependency section */
		32792C542755851000F3B364 /* PBXTargetDependency */ = {
			isa = PBXTargetDependency;
			target = 32792C382755850900F3B364 /* destroyAndMove */;
			targetProxy = 32792C532755851000F3B364 /* PBXContainerItemProxy */;
		};
		32792C5E2755851000F3B364 /* PBXTargetDependency */ = {
			isa = PBXTargetDependency;
			target = 32792C382755850900F3B364 /* destroyAndMove */;
			targetProxy = 32792C5D2755851000F3B364 /* PBXContainerItemProxy */;
		};
/* End PBXTargetDependency section */

/* Begin PBXVariantGroup section */
		32792C462755850900F3B364 /* Main.storyboard */ = {
			isa = PBXVariantGroup;
			children = (
				32792C472755850900F3B364 /* Base */,
			);
			name = Main.storyboard;
			sourceTree = "<group>";
		};
		32792C4B2755850F00F3B364 /* LaunchScreen.storyboard */ = {
			isa = PBXVariantGroup;
			children = (
				32792C4C2755850F00F3B364 /* Base */,
			);
			name = LaunchScreen.storyboard;
			sourceTree = "<group>";
		};
/* End PBXVariantGroup section */

/* Begin XCBuildConfiguration section */
		32792C642755851000F3B364 /* Debug */ = {
			isa = XCBuildConfiguration;
			buildSettings = {
				ALWAYS_SEARCH_USER_PATHS = NO;
				CLANG_ANALYZER_NONNULL = YES;
				CLANG_ANALYZER_NUMBER_OBJECT_CONVERSION = YES_AGGRESSIVE;
				CLANG_CXX_LANGUAGE_STANDARD = "gnu++17";
				CLANG_CXX_LIBRARY = "libc++";
				CLANG_ENABLE_MODULES = YES;
				CLANG_ENABLE_OBJC_ARC = YES;
				CLANG_ENABLE_OBJC_WEAK = YES;
				CLANG_WARN_BLOCK_CAPTURE_AUTORELEASING = YES;
				CLANG_WARN_BOOL_CONVERSION = YES;
				CLANG_WARN_COMMA = YES;
				CLANG_WARN_CONSTANT_CONVERSION = YES;
				CLANG_WARN_DEPRECATED_OBJC_IMPLEMENTATIONS = YES;
				CLANG_WARN_DIRECT_OBJC_ISA_USAGE = YES_ERROR;
				CLANG_WARN_DOCUMENTATION_COMMENTS = YES;
				CLANG_WARN_EMPTY_BODY = YES;
				CLANG_WARN_ENUM_CONVERSION = YES;
				CLANG_WARN_INFINITE_RECURSION = YES;
				CLANG_WARN_INT_CONVERSION = YES;
				CLANG_WARN_NON_LITERAL_NULL_CONVERSION = YES;
				CLANG_WARN_OBJC_IMPLICIT_RETAIN_SELF = YES;
				CLANG_WARN_OBJC_LITERAL_CONVERSION = YES;
				CLANG_WARN_OBJC_ROOT_CLASS = YES_ERROR;
				CLANG_WARN_QUOTED_INCLUDE_IN_FRAMEWORK_HEADER = YES;
				CLANG_WARN_RANGE_LOOP_ANALYSIS = YES;
				CLANG_WARN_STRICT_PROTOTYPES = YES;
				CLANG_WARN_SUSPICIOUS_MOVE = YES;
				CLANG_WARN_UNGUARDED_AVAILABILITY = YES_AGGRESSIVE;
				CLANG_WARN_UNREACHABLE_CODE = YES;
				CLANG_WARN__DUPLICATE_METHOD_MATCH = YES;
				COPY_PHASE_STRIP = NO;
				DEBUG_INFORMATION_FORMAT = dwarf;
				ENABLE_STRICT_OBJC_MSGSEND = YES;
				ENABLE_TESTABILITY = YES;
				GCC_C_LANGUAGE_STANDARD = gnu11;
				GCC_DYNAMIC_NO_PIC = NO;
				GCC_NO_COMMON_BLOCKS = YES;
				GCC_OPTIMIZATION_LEVEL = 0;
				GCC_PREPROCESSOR_DEFINITIONS = (
					"DEBUG=1",
					"$(inherited)",
				);
				GCC_WARN_64_TO_32_BIT_CONVERSION = YES;
				GCC_WARN_ABOUT_RETURN_TYPE = YES_ERROR;
				GCC_WARN_UNDECLARED_SELECTOR = YES;
				GCC_WARN_UNINITIALIZED_AUTOS = YES_AGGRESSIVE;
				GCC_WARN_UNUSED_FUNCTION = YES;
				GCC_WARN_UNUSED_VARIABLE = YES;
				IPHONEOS_DEPLOYMENT_TARGET = 15.0;
				MTL_ENABLE_DEBUG_INFO = INCLUDE_SOURCE;
				MTL_FAST_MATH = YES;
				ONLY_ACTIVE_ARCH = YES;
				SDKROOT = iphoneos;
				SWIFT_ACTIVE_COMPILATION_CONDITIONS = DEBUG;
				SWIFT_OPTIMIZATION_LEVEL = "-Onone";
			};
			name = Debug;
		};
		32792C652755851000F3B364 /* Release */ = {
			isa = XCBuildConfiguration;
			buildSettings = {
				ALWAYS_SEARCH_USER_PATHS = NO;
				CLANG_ANALYZER_NONNULL = YES;
				CLANG_ANALYZER_NUMBER_OBJECT_CONVERSION = YES_AGGRESSIVE;
				CLANG_CXX_LANGUAGE_STANDARD = "gnu++17";
				CLANG_CXX_LIBRARY = "libc++";
				CLANG_ENABLE_MODULES = YES;
				CLANG_ENABLE_OBJC_ARC = YES;
				CLANG_ENABLE_OBJC_WEAK = YES;
				CLANG_WARN_BLOCK_CAPTURE_AUTORELEASING = YES;
				CLANG_WARN_BOOL_CONVERSION = YES;
				CLANG_WARN_COMMA = YES;
				CLANG_WARN_CONSTANT_CONVERSION = YES;
				CLANG_WARN_DEPRECATED_OBJC_IMPLEMENTATIONS = YES;
				CLANG_WARN_DIRECT_OBJC_ISA_USAGE = YES_ERROR;
				CLANG_WARN_DOCUMENTATION_COMMENTS = YES;
				CLANG_WARN_EMPTY_BODY = YES;
				CLANG_WARN_ENUM_CONVERSION = YES;
				CLANG_WARN_INFINITE_RECURSION = YES;
				CLANG_WARN_INT_CONVERSION = YES;
				CLANG_WARN_NON_LITERAL_NULL_CONVERSION = YES;
				CLANG_WARN_OBJC_IMPLICIT_RETAIN_SELF = YES;
				CLANG_WARN_OBJC_LITERAL_CONVERSION = YES;
				CLANG_WARN_OBJC_ROOT_CLASS = YES_ERROR;
				CLANG_WARN_QUOTED_INCLUDE_IN_FRAMEWORK_HEADER = YES;
				CLANG_WARN_RANGE_LOOP_ANALYSIS = YES;
				CLANG_WARN_STRICT_PROTOTYPES = YES;
				CLANG_WARN_SUSPICIOUS_MOVE = YES;
				CLANG_WARN_UNGUARDED_AVAILABILITY = YES_AGGRESSIVE;
				CLANG_WARN_UNREACHABLE_CODE = YES;
				CLANG_WARN__DUPLICATE_METHOD_MATCH = YES;
				COPY_PHASE_STRIP = NO;
				DEBUG_INFORMATION_FORMAT = "dwarf-with-dsym";
				ENABLE_NS_ASSERTIONS = NO;
				ENABLE_STRICT_OBJC_MSGSEND = YES;
				GCC_C_LANGUAGE_STANDARD = gnu11;
				GCC_NO_COMMON_BLOCKS = YES;
				GCC_WARN_64_TO_32_BIT_CONVERSION = YES;
				GCC_WARN_ABOUT_RETURN_TYPE = YES_ERROR;
				GCC_WARN_UNDECLARED_SELECTOR = YES;
				GCC_WARN_UNINITIALIZED_AUTOS = YES_AGGRESSIVE;
				GCC_WARN_UNUSED_FUNCTION = YES;
				GCC_WARN_UNUSED_VARIABLE = YES;
				IPHONEOS_DEPLOYMENT_TARGET = 15.0;
				MTL_ENABLE_DEBUG_INFO = NO;
				MTL_FAST_MATH = YES;
				SDKROOT = iphoneos;
				SWIFT_COMPILATION_MODE = wholemodule;
				SWIFT_OPTIMIZATION_LEVEL = "-O";
				VALIDATE_PRODUCT = YES;
			};
			name = Release;
		};
		32792C672755851000F3B364 /* Debug */ = {
			isa = XCBuildConfiguration;
			buildSettings = {
				ASSETCATALOG_COMPILER_APPICON_NAME = AppIcon;
				ASSETCATALOG_COMPILER_GLOBAL_ACCENT_COLOR_NAME = AccentColor;
				CODE_SIGN_STYLE = Automatic;
				CURRENT_PROJECT_VERSION = 1;
				DEVELOPMENT_TEAM = U5SV7UF7J6;
				GENERATE_INFOPLIST_FILE = YES;
				INFOPLIST_KEY_UIApplicationSupportsIndirectInputEvents = YES;
				INFOPLIST_KEY_UILaunchStoryboardName = LaunchScreen;
				INFOPLIST_KEY_UIMainStoryboardFile = Main;
				INFOPLIST_KEY_UIStatusBarHidden = YES;
				INFOPLIST_KEY_UISupportedInterfaceOrientations_iPad = "UIInterfaceOrientationPortrait UIInterfaceOrientationPortraitUpsideDown UIInterfaceOrientationLandscapeLeft UIInterfaceOrientationLandscapeRight";
				INFOPLIST_KEY_UISupportedInterfaceOrientations_iPhone = "UIInterfaceOrientationPortrait UIInterfaceOrientationLandscapeLeft UIInterfaceOrientationLandscapeRight";
				LD_RUNPATH_SEARCH_PATHS = (
					"$(inherited)",
					"@executable_path/Frameworks",
				);
				MARKETING_VERSION = 1.0;
				PRODUCT_BUNDLE_IDENTIFIER = com.rhock.SpriteKitMoveCharacter.destroyAndMove;
				PRODUCT_NAME = "$(TARGET_NAME)";
				SWIFT_EMIT_LOC_STRINGS = YES;
				SWIFT_VERSION = 5.0;
				TARGETED_DEVICE_FAMILY = "1,2";
			};
			name = Debug;
		};
		32792C682755851000F3B364 /* Release */ = {
			isa = XCBuildConfiguration;
			buildSettings = {
				ASSETCATALOG_COMPILER_APPICON_NAME = AppIcon;
				ASSETCATALOG_COMPILER_GLOBAL_ACCENT_COLOR_NAME = AccentColor;
				CODE_SIGN_STYLE = Automatic;
				CURRENT_PROJECT_VERSION = 1;
				DEVELOPMENT_TEAM = U5SV7UF7J6;
				GENERATE_INFOPLIST_FILE = YES;
				INFOPLIST_KEY_UIApplicationSupportsIndirectInputEvents = YES;
				INFOPLIST_KEY_UILaunchStoryboardName = LaunchScreen;
				INFOPLIST_KEY_UIMainStoryboardFile = Main;
				INFOPLIST_KEY_UIStatusBarHidden = YES;
				INFOPLIST_KEY_UISupportedInterfaceOrientations_iPad = "UIInterfaceOrientationPortrait UIInterfaceOrientationPortraitUpsideDown UIInterfaceOrientationLandscapeLeft UIInterfaceOrientationLandscapeRight";
				INFOPLIST_KEY_UISupportedInterfaceOrientations_iPhone = "UIInterfaceOrientationPortrait UIInterfaceOrientationLandscapeLeft UIInterfaceOrientationLandscapeRight";
				LD_RUNPATH_SEARCH_PATHS = (
					"$(inherited)",
					"@executable_path/Frameworks",
				);
				MARKETING_VERSION = 1.0;
				PRODUCT_BUNDLE_IDENTIFIER = com.rhock.SpriteKitMoveCharacter.destroyAndMove;
				PRODUCT_NAME = "$(TARGET_NAME)";
				SWIFT_EMIT_LOC_STRINGS = YES;
				SWIFT_VERSION = 5.0;
				TARGETED_DEVICE_FAMILY = "1,2";
			};
			name = Release;
		};
		32792C6A2755851000F3B364 /* Debug */ = {
			isa = XCBuildConfiguration;
			buildSettings = {
				ALWAYS_EMBED_SWIFT_STANDARD_LIBRARIES = YES;
				BUNDLE_LOADER = "$(TEST_HOST)";
				CODE_SIGN_STYLE = Automatic;
				CURRENT_PROJECT_VERSION = 1;
				DEVELOPMENT_TEAM = U5SV7UF7J6;
				GENERATE_INFOPLIST_FILE = YES;
				IPHONEOS_DEPLOYMENT_TARGET = 15.0;
				LD_RUNPATH_SEARCH_PATHS = (
					"$(inherited)",
					"@executable_path/Frameworks",
					"@loader_path/Frameworks",
				);
				MARKETING_VERSION = 1.0;
				PRODUCT_BUNDLE_IDENTIFIER = com.rhock.SpriteKitMoveCharacter.destroyAndMoveTests;
				PRODUCT_NAME = "$(TARGET_NAME)";
				SWIFT_EMIT_LOC_STRINGS = NO;
				SWIFT_VERSION = 5.0;
				TARGETED_DEVICE_FAMILY = "1,2";
				TEST_HOST = "$(BUILT_PRODUCTS_DIR)/destroyAndMove.app/destroyAndMove";
			};
			name = Debug;
		};
		32792C6B2755851000F3B364 /* Release */ = {
			isa = XCBuildConfiguration;
			buildSettings = {
				ALWAYS_EMBED_SWIFT_STANDARD_LIBRARIES = YES;
				BUNDLE_LOADER = "$(TEST_HOST)";
				CODE_SIGN_STYLE = Automatic;
				CURRENT_PROJECT_VERSION = 1;
				DEVELOPMENT_TEAM = U5SV7UF7J6;
				GENERATE_INFOPLIST_FILE = YES;
				IPHONEOS_DEPLOYMENT_TARGET = 15.0;
				LD_RUNPATH_SEARCH_PATHS = (
					"$(inherited)",
					"@executable_path/Frameworks",
					"@loader_path/Frameworks",
				);
				MARKETING_VERSION = 1.0;
				PRODUCT_BUNDLE_IDENTIFIER = com.rhock.SpriteKitMoveCharacter.destroyAndMoveTests;
				PRODUCT_NAME = "$(TARGET_NAME)";
				SWIFT_EMIT_LOC_STRINGS = NO;
				SWIFT_VERSION = 5.0;
				TARGETED_DEVICE_FAMILY = "1,2";
				TEST_HOST = "$(BUILT_PRODUCTS_DIR)/destroyAndMove.app/destroyAndMove";
			};
			name = Release;
		};
		32792C6D2755851000F3B364 /* Debug */ = {
			isa = XCBuildConfiguration;
			buildSettings = {
				ALWAYS_EMBED_SWIFT_STANDARD_LIBRARIES = YES;
				CODE_SIGN_STYLE = Automatic;
				CURRENT_PROJECT_VERSION = 1;
				DEVELOPMENT_TEAM = U5SV7UF7J6;
				GENERATE_INFOPLIST_FILE = YES;
				LD_RUNPATH_SEARCH_PATHS = (
					"$(inherited)",
					"@executable_path/Frameworks",
					"@loader_path/Frameworks",
				);
				MARKETING_VERSION = 1.0;
				PRODUCT_BUNDLE_IDENTIFIER = com.rhock.SpriteKitMoveCharacter.destroyAndMoveUITests;
				PRODUCT_NAME = "$(TARGET_NAME)";
				SWIFT_EMIT_LOC_STRINGS = NO;
				SWIFT_VERSION = 5.0;
				TARGETED_DEVICE_FAMILY = "1,2";
				TEST_TARGET_NAME = destroyAndMove;
			};
			name = Debug;
		};
		32792C6E2755851000F3B364 /* Release */ = {
			isa = XCBuildConfiguration;
			buildSettings = {
				ALWAYS_EMBED_SWIFT_STANDARD_LIBRARIES = YES;
				CODE_SIGN_STYLE = Automatic;
				CURRENT_PROJECT_VERSION = 1;
				DEVELOPMENT_TEAM = U5SV7UF7J6;
				GENERATE_INFOPLIST_FILE = YES;
				LD_RUNPATH_SEARCH_PATHS = (
					"$(inherited)",
					"@executable_path/Frameworks",
					"@loader_path/Frameworks",
				);
				MARKETING_VERSION = 1.0;
				PRODUCT_BUNDLE_IDENTIFIER = com.rhock.SpriteKitMoveCharacter.destroyAndMoveUITests;
				PRODUCT_NAME = "$(TARGET_NAME)";
				SWIFT_EMIT_LOC_STRINGS = NO;
				SWIFT_VERSION = 5.0;
				TARGETED_DEVICE_FAMILY = "1,2";
				TEST_TARGET_NAME = destroyAndMove;
			};
			name = Release;
		};
/* End XCBuildConfiguration section */

/* Begin XCConfigurationList section */
		32792C342755850900F3B364 /* Build configuration list for PBXProject "destroyAndMove" */ = {
			isa = XCConfigurationList;
			buildConfigurations = (
				32792C642755851000F3B364 /* Debug */,
				32792C652755851000F3B364 /* Release */,
			);
			defaultConfigurationIsVisible = 0;
			defaultConfigurationName = Release;
		};
		32792C662755851000F3B364 /* Build configuration list for PBXNativeTarget "destroyAndMove" */ = {
			isa = XCConfigurationList;
			buildConfigurations = (
				32792C672755851000F3B364 /* Debug */,
				32792C682755851000F3B364 /* Release */,
			);
			defaultConfigurationIsVisible = 0;
			defaultConfigurationName = Release;
		};
		32792C692755851000F3B364 /* Build configuration list for PBXNativeTarget "destroyAndMoveTests" */ = {
			isa = XCConfigurationList;
			buildConfigurations = (
				32792C6A2755851000F3B364 /* Debug */,
				32792C6B2755851000F3B364 /* Release */,
			);
			defaultConfigurationIsVisible = 0;
			defaultConfigurationName = Release;
		};
		32792C6C2755851000F3B364 /* Build configuration list for PBXNativeTarget "destroyAndMoveUITests" */ = {
			isa = XCConfigurationList;
			buildConfigurations = (
				32792C6D2755851000F3B364 /* Debug */,
				32792C6E2755851000F3B364 /* Release */,
			);
			defaultConfigurationIsVisible = 0;
			defaultConfigurationName = Release;
		};
/* End XCConfigurationList section */
	};
	rootObject = 32792C312755850900F3B364 /* Project object */;
}
